
Microsoft Visual Studio Solution File, Format Version 12.00
# Visual Studio Version 17
VisualStudioVersion = 17.10.35122.118
MinimumVisualStudioVersion = 10.0.40219.1
Project("{9A19103F-16F7-4668-BE54-9A1E7A4F7556}") = "exercicio1", "..\exercicio1\exercicio1.csproj", "{FE98CBE9-95C8-4088-8D52-B514AF044701}"
EndProject
Project("{9A19103F-16F7-4668-BE54-9A1E7A4F7556}") = "Exercicio2", "..\Exercicio2\Exercicio2.csproj", "{699CBAF9-080B-4E0C-A620-91F5B4A664B5}"
EndProject
Project("{9A19103F-16F7-4668-BE54-9A1E7A4F7556}") = "Exercicio3", "..\Exercicio3\Exercicio3.csproj", "{76D51956-4446-4B06-8791-0F87C8B233DF}"
EndProject
Project("{9A19103F-16F7-4668-BE54-9A1E7A4F7556}") = "Exercicio4", "..\Exercicio4\Exercicio4.csproj", "{DCFCB730-17A4-42F7-94A2-CB7E66725F83}"
EndProject
Project("{9A19103F-16F7-4668-BE54-9A1E7A4F7556}") = "Exercicio5", "..\Exercicio5\Exercicio5.csproj", "{3AFA6DFB-AF92-472F-B0D9-666E71888188}"
EndProject
Project("{9A19103F-16F7-4668-BE54-9A1E7A4F7556}") = "Exercicio6", "..\Exercicio6\Exercicio6.csproj", "{589DAF63-BCD5-4E8F-8D26-99CB2741BDFB}"
EndProject
Project("{9A19103F-16F7-4668-BE54-9A1E7A4F7556}") = "Exercicio7", "..\Exercicio7\Exercicio7.csproj", "{737E0D77-9117-4FC1-AB26-CF15933383C5}"
EndProject
Project("{9A19103F-16F7-4668-BE54-9A1E7A4F7556}") = "Exercicio8", "..\Exercicio8\Exercicio8.csproj", "{B5C1CE94-EBE9-43D9-B144-FAA87E4E158E}"
EndProject
Project("{9A19103F-16F7-4668-BE54-9A1E7A4F7556}") = "Exercicio9", "..\Exercicio9\Exercicio9.csproj", "{89BBD133-D12B-4ED4-B00C-37393F40D086}"
EndProject
Project("{9A19103F-16F7-4668-BE54-9A1E7A4F7556}") = "Exercicio10", "..\Exerciciio10\Exercicio10.csproj", "{E7D793D6-9CC4-4418-A162-F0593BC30B10}"
EndProject
Project("{9A19103F-16F7-4668-BE54-9A1E7A4F7556}") = "Exercicio11", "..\Exercicio11\Exercicio11.csproj", "{D68B88B3-7417-4930-ADE2-86422380390A}"
EndProject
Project("{9A19103F-16F7-4668-BE54-9A1E7A4F7556}") = "Exercicio12", "Exercicio12\Exercicio12.csproj", "{4A8F8379-A0A7-407E-B50B-2F7B5FCB90FF}"
EndProject
Project("{9A19103F-16F7-4668-BE54-9A1E7A4F7556}") = "Exercicio13", "Exercicio13\Exercicio13.csproj", "{1AB997FB-7E94-4B11-8C92-E3E3A308AD4D}"
EndProject
Project("{9A19103F-16F7-4668-BE54-9A1E7A4F7556}") = "Exercicio14", "Exercicio14\Exercicio14.csproj", "{B947257B-4DBA-4BC9-B801-ED90913FA1CE}"
EndProject
Project("{9A19103F-16F7-4668-BE54-9A1E7A4F7556}") = "Exercicio15", "Exercicio15\Exercicio15.csproj", "{36AB0E13-3291-427D-9A27-2722045F8A89}"
EndProject
Project("{9A19103F-16F7-4668-BE54-9A1E7A4F7556}") = "Exercicio16", "Exercicio16\Exercicio16.csproj", "{71B76995-8192-4ABE-BFDB-0A90C2A6EE87}"
EndProject
Project("{9A19103F-16F7-4668-BE54-9A1E7A4F7556}") = "Exercicio17", "Exercicio17\Exercicio17.csproj", "{C18835EB-00C9-412F-B71C-C4190E18D5D4}"
EndProject
Project("{9A19103F-16F7-4668-BE54-9A1E7A4F7556}") = "Exerccicio18", "Exerccicio18\Exerccicio18.csproj", "{B868A8CF-F5DA-4261-AAE9-05A8B7F58202}"
EndProject
Project("{9A19103F-16F7-4668-BE54-9A1E7A4F7556}") = "Exercicio19", "Exercicio19\Exercicio19.csproj", "{8B389963-7540-4DA2-B476-F1A4ECD81E94}"
EndProject
Project("{9A19103F-16F7-4668-BE54-9A1E7A4F7556}") = "Exercicio20", "Exercicio20\Exercicio20.csproj", "{943BB34F-AF63-42DF-9765-8FC8019C52B0}"
EndProject
Project("{9A19103F-16F7-4668-BE54-9A1E7A4F7556}") = "Exercicio21", "Exercicio21\Exercicio21.csproj", "{A8F3E93A-8FD1-4B05-8D80-537ACD6105E6}"
EndProject
Project("{9A19103F-16F7-4668-BE54-9A1E7A4F7556}") = "Exercicio22", "Exercicio22\Exercicio22.csproj", "{BDF54123-6F0E-434F-BA12-A38E6318AD00}"
EndProject
Project("{9A19103F-16F7-4668-BE54-9A1E7A4F7556}") = "Exercicio23", "Exercicio23\Exercicio23.csproj", "{4D25195F-0600-46F7-A07F-BE4B06F412B9}"
EndProject
Project("{9A19103F-16F7-4668-BE54-9A1E7A4F7556}") = "Exercicio24", "Exercicio24\Exercicio24.csproj", "{9B41A3CD-971F-49D0-BCEB-703FE13C7244}"
EndProject
Project("{9A19103F-16F7-4668-BE54-9A1E7A4F7556}") = "Exercicio25", "Exercicio25\Exercicio25.csproj", "{F359D7AB-6524-448C-9C4B-7036095CFB9F}"
EndProject
Project("{9A19103F-16F7-4668-BE54-9A1E7A4F7556}") = "Exercicio26", "Exercicio26\Exercicio26.csproj", "{54DA0D76-86BD-4C8C-8CFB-F5356BF2F252}"
EndProject
Project("{9A19103F-16F7-4668-BE54-9A1E7A4F7556}") = "Exercicio27", "Exercicio27\Exercicio27.csproj", "{2D42116C-081A-4FC5-A209-7EFC6D10068E}"
EndProject
Project("{9A19103F-16F7-4668-BE54-9A1E7A4F7556}") = "Exercicio28", "Exercicio28\Exercicio28.csproj", "{D549D969-40BD-42FE-BEE2-1B80F5E51F84}"
EndProject
Project("{9A19103F-16F7-4668-BE54-9A1E7A4F7556}") = "Exercicio29", "Exercicio29\Exercicio29.csproj", "{80B16A8B-3719-4D1F-9398-A2762567527A}"
EndProject
Project("{9A19103F-16F7-4668-BE54-9A1E7A4F7556}") = "Exercicio30", "Exercicio30\Exercicio30.csproj", "{D0850A9C-969B-4E83-AC78-AB9D7DEEB07F}"
EndProject
Project("{9A19103F-16F7-4668-BE54-9A1E7A4F7556}") = "Exercicio31", "Exercicio31\Exercicio31.csproj", "{0B96FA65-D1C9-481F-9DFB-57E789D71BC5}"
EndProject
Project("{9A19103F-16F7-4668-BE54-9A1E7A4F7556}") = "Exercicio32", "Exercicio32\Exercicio32.csproj", "{17573B3A-B68D-4EB8-9B36-D11B112DFAA9}"
EndProject
Project("{9A19103F-16F7-4668-BE54-9A1E7A4F7556}") = "Exercicio33", "Exercicio33\Exercicio33.csproj", "{5E239182-2E22-4E1E-A81F-D73F7DD7EDA9}"
EndProject
Project("{9A19103F-16F7-4668-BE54-9A1E7A4F7556}") = "Exercicio34", "Exercicio34\Exercicio34.csproj", "{3487FF5A-9D6B-442F-8132-AB1E6AB8D377}"
EndProject
Project("{9A19103F-16F7-4668-BE54-9A1E7A4F7556}") = "Exercicio35", "Exercicio35\Exercicio35.csproj", "{3558AE7B-E21A-4F03-B7D1-9F8401CD7021}"
EndProject
Project("{9A19103F-16F7-4668-BE54-9A1E7A4F7556}") = "Exercicio36", "Exercicio36\Exercicio36.csproj", "{F9FDF677-95B0-4E15-91F5-68C2C86A46DE}"
EndProject
Project("{9A19103F-16F7-4668-BE54-9A1E7A4F7556}") = "Exercicio37", "Exercicio37\Exercicio37.csproj", "{D3AA27BA-6E39-4897-92DC-75E921344E8D}"
EndProject
Project("{9A19103F-16F7-4668-BE54-9A1E7A4F7556}") = "Exercicio38", "Exercicio38\Exercicio38.csproj", "{872AE96D-C8D8-4E40-850A-FA53060BD18D}"
EndProject
Project("{9A19103F-16F7-4668-BE54-9A1E7A4F7556}") = "Exercicio39", "Exercicio39\Exercicio39.csproj", "{6199040B-F207-407D-A988-3C4967CE70FC}"
EndProject
Project("{9A19103F-16F7-4668-BE54-9A1E7A4F7556}") = "Exercicio40", "Exercicio40\Exercicio40.csproj", "{CB5BB739-BAC6-4585-9531-99DC598277DA}"
EndProject
Project("{9A19103F-16F7-4668-BE54-9A1E7A4F7556}") = "Exercicio41", "Exercicio41\Exercicio41.csproj", "{05D39143-0B40-4F5C-BCA3-857AC1CAB734}"
EndProject
Project("{9A19103F-16F7-4668-BE54-9A1E7A4F7556}") = "Exercicio42", "Exercicio42\Exercicio42.csproj", "{8D3982A7-E587-4936-BB19-6299C6CBD1CC}"
EndProject
Project("{9A19103F-16F7-4668-BE54-9A1E7A4F7556}") = "Exercicio43", "Exercicio43\Exercicio43.csproj", "{3317DD15-81C6-4DEC-A92E-2F5AEBB29BBA}"
EndProject
Project("{9A19103F-16F7-4668-BE54-9A1E7A4F7556}") = "Exercicio44", "Exercicio44\Exercicio44.csproj", "{9982FC71-53C4-43C6-9C3E-256DAF349A76}"
EndProject
Project("{9A19103F-16F7-4668-BE54-9A1E7A4F7556}") = "Exercicio45", "Exercicio45\Exercicio45.csproj", "{67A61F3E-37FD-4A65-B653-11CA50DA78AB}"
EndProject
Project("{9A19103F-16F7-4668-BE54-9A1E7A4F7556}") = "Exercicio46", "Exercicio46\Exercicio46.csproj", "{5C018207-920B-49B2-BB76-171C37E4A1A1}"
EndProject
Project("{9A19103F-16F7-4668-BE54-9A1E7A4F7556}") = "Exercicio47", "Exercicio47\Exercicio47.csproj", "{1C898205-8F80-43A0-AB71-37B1710C0F68}"
EndProject
Project("{9A19103F-16F7-4668-BE54-9A1E7A4F7556}") = "Exercicio48", "Exercicio48\Exercicio48.csproj", "{9C186840-CE8B-4018-BDBB-189244B9BB4D}"
EndProject
Project("{9A19103F-16F7-4668-BE54-9A1E7A4F7556}") = "Exercicio50", "Exercicio50\Exercicio50.csproj", "{3347D17C-9109-4687-9F85-53491B89C973}"
EndProject
Project("{9A19103F-16F7-4668-BE54-9A1E7A4F7556}") = "Exercicio51", "Exercicio51\Exercicio51.csproj", "{35493412-7A6A-4374-9C9B-C0B60CA67301}"
EndProject
Project("{9A19103F-16F7-4668-BE54-9A1E7A4F7556}") = "Exercicio52", "Exercicio52\Exercicio52.csproj", "{7339408B-21F7-4239-95E7-16358DD80332}"
EndProject
Project("{9A19103F-16F7-4668-BE54-9A1E7A4F7556}") = "Exercicio53", "Exercicio53\Exercicio53.csproj", "{5A91F526-31A7-4D46-9027-6722C2F278F0}"
EndProject
Project("{FAE04EC0-301F-11D3-BF4B-00C04F79EFBC}") = "Exercicio54", "Exercicio54\Exercicio54.csproj", "{24324D76-20AF-4964-B86A-34CB39EAD9AA}"
EndProject
Project("{FAE04EC0-301F-11D3-BF4B-00C04F79EFBC}") = "Exercicio55", "Exercicio55\Exercicio55.csproj", "{89A12FCB-BC58-4C6B-983B-4A459796945F}"
EndProject
Project("{FAE04EC0-301F-11D3-BF4B-00C04F79EFBC}") = "Exercicio56", "Exercicio56\Exercicio56.csproj", "{8F991EFA-CDBE-448B-9CFE-9ADC760D9398}"
EndProject
Project("{FAE04EC0-301F-11D3-BF4B-00C04F79EFBC}") = "Exercicio57", "Exercicio57\Exercicio57.csproj", "{EE7FE5ED-B5F7-443D-B0A3-782C3FB1657E}"
EndProject
Project("{FAE04EC0-301F-11D3-BF4B-00C04F79EFBC}") = "Exercicio58", "Exercicio58\Exercicio58.csproj", "{1A99D082-D092-4635-8D85-D7906D072169}"
EndProject
Project("{FAE04EC0-301F-11D3-BF4B-00C04F79EFBC}") = "Exercicio59", "Exercicio59\Exercicio59.csproj", "{1DC8978D-D169-472C-AB40-527D427F7DE5}"
EndProject
Project("{FAE04EC0-301F-11D3-BF4B-00C04F79EFBC}") = "Exercicio60", "Exercicio60\Exercicio60.csproj", "{D9559BCF-700E-4DB1-998E-C025ABBEA490}"
EndProject
Project("{FAE04EC0-301F-11D3-BF4B-00C04F79EFBC}") = "Exercicio61", "Exercicio61\Exercicio61.csproj", "{3BF4E096-CF7E-47F0-8B71-E182D25897AF}"
EndProject
Project("{FAE04EC0-301F-11D3-BF4B-00C04F79EFBC}") = "Exercicio62", "Ecercicio62\Exercicio62.csproj", "{60EF2822-FE80-4732-A807-857FF348B006}"
EndProject
Project("{FAE04EC0-301F-11D3-BF4B-00C04F79EFBC}") = "Exercicio63", "Exercicio63\Exercicio63.csproj", "{279ADE0F-6442-431D-9597-231179250313}"
EndProject
Project("{FAE04EC0-301F-11D3-BF4B-00C04F79EFBC}") = "Exercicio64", "Exercicio64\Exercicio64.csproj", "{FC8B397F-2074-487E-A090-04FC5E4D1C4E}"
EndProject
Global
	GlobalSection(SolutionConfigurationPlatforms) = preSolution
		Debug|Any CPU = Debug|Any CPU
		Release|Any CPU = Release|Any CPU
	EndGlobalSection
	GlobalSection(ProjectConfigurationPlatforms) = postSolution
		{FE98CBE9-95C8-4088-8D52-B514AF044701}.Debug|Any CPU.ActiveCfg = Debug|Any CPU
		{FE98CBE9-95C8-4088-8D52-B514AF044701}.Debug|Any CPU.Build.0 = Debug|Any CPU
		{FE98CBE9-95C8-4088-8D52-B514AF044701}.Release|Any CPU.ActiveCfg = Release|Any CPU
		{FE98CBE9-95C8-4088-8D52-B514AF044701}.Release|Any CPU.Build.0 = Release|Any CPU
		{699CBAF9-080B-4E0C-A620-91F5B4A664B5}.Debug|Any CPU.ActiveCfg = Debug|Any CPU
		{699CBAF9-080B-4E0C-A620-91F5B4A664B5}.Debug|Any CPU.Build.0 = Debug|Any CPU
		{699CBAF9-080B-4E0C-A620-91F5B4A664B5}.Release|Any CPU.ActiveCfg = Release|Any CPU
		{699CBAF9-080B-4E0C-A620-91F5B4A664B5}.Release|Any CPU.Build.0 = Release|Any CPU
		{76D51956-4446-4B06-8791-0F87C8B233DF}.Debug|Any CPU.ActiveCfg = Debug|Any CPU
		{76D51956-4446-4B06-8791-0F87C8B233DF}.Debug|Any CPU.Build.0 = Debug|Any CPU
		{76D51956-4446-4B06-8791-0F87C8B233DF}.Release|Any CPU.ActiveCfg = Release|Any CPU
		{76D51956-4446-4B06-8791-0F87C8B233DF}.Release|Any CPU.Build.0 = Release|Any CPU
		{DCFCB730-17A4-42F7-94A2-CB7E66725F83}.Debug|Any CPU.ActiveCfg = Debug|Any CPU
		{DCFCB730-17A4-42F7-94A2-CB7E66725F83}.Debug|Any CPU.Build.0 = Debug|Any CPU
		{DCFCB730-17A4-42F7-94A2-CB7E66725F83}.Release|Any CPU.ActiveCfg = Release|Any CPU
		{DCFCB730-17A4-42F7-94A2-CB7E66725F83}.Release|Any CPU.Build.0 = Release|Any CPU
		{3AFA6DFB-AF92-472F-B0D9-666E71888188}.Debug|Any CPU.ActiveCfg = Debug|Any CPU
		{3AFA6DFB-AF92-472F-B0D9-666E71888188}.Debug|Any CPU.Build.0 = Debug|Any CPU
		{3AFA6DFB-AF92-472F-B0D9-666E71888188}.Release|Any CPU.ActiveCfg = Release|Any CPU
		{3AFA6DFB-AF92-472F-B0D9-666E71888188}.Release|Any CPU.Build.0 = Release|Any CPU
		{589DAF63-BCD5-4E8F-8D26-99CB2741BDFB}.Debug|Any CPU.ActiveCfg = Debug|Any CPU
		{589DAF63-BCD5-4E8F-8D26-99CB2741BDFB}.Debug|Any CPU.Build.0 = Debug|Any CPU
		{589DAF63-BCD5-4E8F-8D26-99CB2741BDFB}.Release|Any CPU.ActiveCfg = Release|Any CPU
		{589DAF63-BCD5-4E8F-8D26-99CB2741BDFB}.Release|Any CPU.Build.0 = Release|Any CPU
		{737E0D77-9117-4FC1-AB26-CF15933383C5}.Debug|Any CPU.ActiveCfg = Debug|Any CPU
		{737E0D77-9117-4FC1-AB26-CF15933383C5}.Debug|Any CPU.Build.0 = Debug|Any CPU
		{737E0D77-9117-4FC1-AB26-CF15933383C5}.Release|Any CPU.ActiveCfg = Release|Any CPU
		{737E0D77-9117-4FC1-AB26-CF15933383C5}.Release|Any CPU.Build.0 = Release|Any CPU
		{B5C1CE94-EBE9-43D9-B144-FAA87E4E158E}.Debug|Any CPU.ActiveCfg = Debug|Any CPU
		{B5C1CE94-EBE9-43D9-B144-FAA87E4E158E}.Debug|Any CPU.Build.0 = Debug|Any CPU
		{B5C1CE94-EBE9-43D9-B144-FAA87E4E158E}.Release|Any CPU.ActiveCfg = Release|Any CPU
		{B5C1CE94-EBE9-43D9-B144-FAA87E4E158E}.Release|Any CPU.Build.0 = Release|Any CPU
		{89BBD133-D12B-4ED4-B00C-37393F40D086}.Debug|Any CPU.ActiveCfg = Debug|Any CPU
		{89BBD133-D12B-4ED4-B00C-37393F40D086}.Debug|Any CPU.Build.0 = Debug|Any CPU
		{89BBD133-D12B-4ED4-B00C-37393F40D086}.Release|Any CPU.ActiveCfg = Release|Any CPU
		{89BBD133-D12B-4ED4-B00C-37393F40D086}.Release|Any CPU.Build.0 = Release|Any CPU
		{E7D793D6-9CC4-4418-A162-F0593BC30B10}.Debug|Any CPU.ActiveCfg = Debug|Any CPU
		{E7D793D6-9CC4-4418-A162-F0593BC30B10}.Debug|Any CPU.Build.0 = Debug|Any CPU
		{E7D793D6-9CC4-4418-A162-F0593BC30B10}.Release|Any CPU.ActiveCfg = Release|Any CPU
		{E7D793D6-9CC4-4418-A162-F0593BC30B10}.Release|Any CPU.Build.0 = Release|Any CPU
		{D68B88B3-7417-4930-ADE2-86422380390A}.Debug|Any CPU.ActiveCfg = Debug|Any CPU
		{D68B88B3-7417-4930-ADE2-86422380390A}.Debug|Any CPU.Build.0 = Debug|Any CPU
		{D68B88B3-7417-4930-ADE2-86422380390A}.Release|Any CPU.ActiveCfg = Release|Any CPU
		{D68B88B3-7417-4930-ADE2-86422380390A}.Release|Any CPU.Build.0 = Release|Any CPU
		{4A8F8379-A0A7-407E-B50B-2F7B5FCB90FF}.Debug|Any CPU.ActiveCfg = Debug|Any CPU
		{4A8F8379-A0A7-407E-B50B-2F7B5FCB90FF}.Debug|Any CPU.Build.0 = Debug|Any CPU
		{4A8F8379-A0A7-407E-B50B-2F7B5FCB90FF}.Release|Any CPU.ActiveCfg = Release|Any CPU
		{4A8F8379-A0A7-407E-B50B-2F7B5FCB90FF}.Release|Any CPU.Build.0 = Release|Any CPU
		{1AB997FB-7E94-4B11-8C92-E3E3A308AD4D}.Debug|Any CPU.ActiveCfg = Debug|Any CPU
		{1AB997FB-7E94-4B11-8C92-E3E3A308AD4D}.Debug|Any CPU.Build.0 = Debug|Any CPU
		{1AB997FB-7E94-4B11-8C92-E3E3A308AD4D}.Release|Any CPU.ActiveCfg = Release|Any CPU
		{1AB997FB-7E94-4B11-8C92-E3E3A308AD4D}.Release|Any CPU.Build.0 = Release|Any CPU
		{B947257B-4DBA-4BC9-B801-ED90913FA1CE}.Debug|Any CPU.ActiveCfg = Debug|Any CPU
		{B947257B-4DBA-4BC9-B801-ED90913FA1CE}.Debug|Any CPU.Build.0 = Debug|Any CPU
		{B947257B-4DBA-4BC9-B801-ED90913FA1CE}.Release|Any CPU.ActiveCfg = Release|Any CPU
		{B947257B-4DBA-4BC9-B801-ED90913FA1CE}.Release|Any CPU.Build.0 = Release|Any CPU
		{36AB0E13-3291-427D-9A27-2722045F8A89}.Debug|Any CPU.ActiveCfg = Debug|Any CPU
		{36AB0E13-3291-427D-9A27-2722045F8A89}.Debug|Any CPU.Build.0 = Debug|Any CPU
		{36AB0E13-3291-427D-9A27-2722045F8A89}.Release|Any CPU.ActiveCfg = Release|Any CPU
		{36AB0E13-3291-427D-9A27-2722045F8A89}.Release|Any CPU.Build.0 = Release|Any CPU
		{71B76995-8192-4ABE-BFDB-0A90C2A6EE87}.Debug|Any CPU.ActiveCfg = Debug|Any CPU
		{71B76995-8192-4ABE-BFDB-0A90C2A6EE87}.Debug|Any CPU.Build.0 = Debug|Any CPU
		{71B76995-8192-4ABE-BFDB-0A90C2A6EE87}.Release|Any CPU.ActiveCfg = Release|Any CPU
		{71B76995-8192-4ABE-BFDB-0A90C2A6EE87}.Release|Any CPU.Build.0 = Release|Any CPU
		{C18835EB-00C9-412F-B71C-C4190E18D5D4}.Debug|Any CPU.ActiveCfg = Debug|Any CPU
		{C18835EB-00C9-412F-B71C-C4190E18D5D4}.Debug|Any CPU.Build.0 = Debug|Any CPU
		{C18835EB-00C9-412F-B71C-C4190E18D5D4}.Release|Any CPU.ActiveCfg = Release|Any CPU
		{C18835EB-00C9-412F-B71C-C4190E18D5D4}.Release|Any CPU.Build.0 = Release|Any CPU
		{B868A8CF-F5DA-4261-AAE9-05A8B7F58202}.Debug|Any CPU.ActiveCfg = Debug|Any CPU
		{B868A8CF-F5DA-4261-AAE9-05A8B7F58202}.Debug|Any CPU.Build.0 = Debug|Any CPU
		{B868A8CF-F5DA-4261-AAE9-05A8B7F58202}.Release|Any CPU.ActiveCfg = Release|Any CPU
		{B868A8CF-F5DA-4261-AAE9-05A8B7F58202}.Release|Any CPU.Build.0 = Release|Any CPU
		{8B389963-7540-4DA2-B476-F1A4ECD81E94}.Debug|Any CPU.ActiveCfg = Debug|Any CPU
		{8B389963-7540-4DA2-B476-F1A4ECD81E94}.Debug|Any CPU.Build.0 = Debug|Any CPU
		{8B389963-7540-4DA2-B476-F1A4ECD81E94}.Release|Any CPU.ActiveCfg = Release|Any CPU
		{8B389963-7540-4DA2-B476-F1A4ECD81E94}.Release|Any CPU.Build.0 = Release|Any CPU
		{943BB34F-AF63-42DF-9765-8FC8019C52B0}.Debug|Any CPU.ActiveCfg = Debug|Any CPU
		{943BB34F-AF63-42DF-9765-8FC8019C52B0}.Debug|Any CPU.Build.0 = Debug|Any CPU
		{943BB34F-AF63-42DF-9765-8FC8019C52B0}.Release|Any CPU.ActiveCfg = Release|Any CPU
		{943BB34F-AF63-42DF-9765-8FC8019C52B0}.Release|Any CPU.Build.0 = Release|Any CPU
		{A8F3E93A-8FD1-4B05-8D80-537ACD6105E6}.Debug|Any CPU.ActiveCfg = Debug|Any CPU
		{A8F3E93A-8FD1-4B05-8D80-537ACD6105E6}.Debug|Any CPU.Build.0 = Debug|Any CPU
		{A8F3E93A-8FD1-4B05-8D80-537ACD6105E6}.Release|Any CPU.ActiveCfg = Release|Any CPU
		{A8F3E93A-8FD1-4B05-8D80-537ACD6105E6}.Release|Any CPU.Build.0 = Release|Any CPU
		{BDF54123-6F0E-434F-BA12-A38E6318AD00}.Debug|Any CPU.ActiveCfg = Debug|Any CPU
		{BDF54123-6F0E-434F-BA12-A38E6318AD00}.Debug|Any CPU.Build.0 = Debug|Any CPU
		{BDF54123-6F0E-434F-BA12-A38E6318AD00}.Release|Any CPU.ActiveCfg = Release|Any CPU
		{BDF54123-6F0E-434F-BA12-A38E6318AD00}.Release|Any CPU.Build.0 = Release|Any CPU
		{4D25195F-0600-46F7-A07F-BE4B06F412B9}.Debug|Any CPU.ActiveCfg = Debug|Any CPU
		{4D25195F-0600-46F7-A07F-BE4B06F412B9}.Debug|Any CPU.Build.0 = Debug|Any CPU
		{4D25195F-0600-46F7-A07F-BE4B06F412B9}.Release|Any CPU.ActiveCfg = Release|Any CPU
		{4D25195F-0600-46F7-A07F-BE4B06F412B9}.Release|Any CPU.Build.0 = Release|Any CPU
		{9B41A3CD-971F-49D0-BCEB-703FE13C7244}.Debug|Any CPU.ActiveCfg = Debug|Any CPU
		{9B41A3CD-971F-49D0-BCEB-703FE13C7244}.Debug|Any CPU.Build.0 = Debug|Any CPU
		{9B41A3CD-971F-49D0-BCEB-703FE13C7244}.Release|Any CPU.ActiveCfg = Release|Any CPU
		{9B41A3CD-971F-49D0-BCEB-703FE13C7244}.Release|Any CPU.Build.0 = Release|Any CPU
		{F359D7AB-6524-448C-9C4B-7036095CFB9F}.Debug|Any CPU.ActiveCfg = Debug|Any CPU
		{F359D7AB-6524-448C-9C4B-7036095CFB9F}.Debug|Any CPU.Build.0 = Debug|Any CPU
		{F359D7AB-6524-448C-9C4B-7036095CFB9F}.Release|Any CPU.ActiveCfg = Release|Any CPU
		{F359D7AB-6524-448C-9C4B-7036095CFB9F}.Release|Any CPU.Build.0 = Release|Any CPU
		{54DA0D76-86BD-4C8C-8CFB-F5356BF2F252}.Debug|Any CPU.ActiveCfg = Debug|Any CPU
		{54DA0D76-86BD-4C8C-8CFB-F5356BF2F252}.Debug|Any CPU.Build.0 = Debug|Any CPU
		{54DA0D76-86BD-4C8C-8CFB-F5356BF2F252}.Release|Any CPU.ActiveCfg = Release|Any CPU
		{54DA0D76-86BD-4C8C-8CFB-F5356BF2F252}.Release|Any CPU.Build.0 = Release|Any CPU
		{2D42116C-081A-4FC5-A209-7EFC6D10068E}.Debug|Any CPU.ActiveCfg = Debug|Any CPU
		{2D42116C-081A-4FC5-A209-7EFC6D10068E}.Debug|Any CPU.Build.0 = Debug|Any CPU
		{2D42116C-081A-4FC5-A209-7EFC6D10068E}.Release|Any CPU.ActiveCfg = Release|Any CPU
		{2D42116C-081A-4FC5-A209-7EFC6D10068E}.Release|Any CPU.Build.0 = Release|Any CPU
		{D549D969-40BD-42FE-BEE2-1B80F5E51F84}.Debug|Any CPU.ActiveCfg = Debug|Any CPU
		{D549D969-40BD-42FE-BEE2-1B80F5E51F84}.Debug|Any CPU.Build.0 = Debug|Any CPU
		{D549D969-40BD-42FE-BEE2-1B80F5E51F84}.Release|Any CPU.ActiveCfg = Release|Any CPU
		{D549D969-40BD-42FE-BEE2-1B80F5E51F84}.Release|Any CPU.Build.0 = Release|Any CPU
		{80B16A8B-3719-4D1F-9398-A2762567527A}.Debug|Any CPU.ActiveCfg = Debug|Any CPU
		{80B16A8B-3719-4D1F-9398-A2762567527A}.Debug|Any CPU.Build.0 = Debug|Any CPU
		{80B16A8B-3719-4D1F-9398-A2762567527A}.Release|Any CPU.ActiveCfg = Release|Any CPU
		{80B16A8B-3719-4D1F-9398-A2762567527A}.Release|Any CPU.Build.0 = Release|Any CPU
		{D0850A9C-969B-4E83-AC78-AB9D7DEEB07F}.Debug|Any CPU.ActiveCfg = Debug|Any CPU
		{D0850A9C-969B-4E83-AC78-AB9D7DEEB07F}.Debug|Any CPU.Build.0 = Debug|Any CPU
		{D0850A9C-969B-4E83-AC78-AB9D7DEEB07F}.Release|Any CPU.ActiveCfg = Release|Any CPU
		{D0850A9C-969B-4E83-AC78-AB9D7DEEB07F}.Release|Any CPU.Build.0 = Release|Any CPU
		{0B96FA65-D1C9-481F-9DFB-57E789D71BC5}.Debug|Any CPU.ActiveCfg = Debug|Any CPU
		{0B96FA65-D1C9-481F-9DFB-57E789D71BC5}.Debug|Any CPU.Build.0 = Debug|Any CPU
		{0B96FA65-D1C9-481F-9DFB-57E789D71BC5}.Release|Any CPU.ActiveCfg = Release|Any CPU
		{0B96FA65-D1C9-481F-9DFB-57E789D71BC5}.Release|Any CPU.Build.0 = Release|Any CPU
		{17573B3A-B68D-4EB8-9B36-D11B112DFAA9}.Debug|Any CPU.ActiveCfg = Debug|Any CPU
		{17573B3A-B68D-4EB8-9B36-D11B112DFAA9}.Debug|Any CPU.Build.0 = Debug|Any CPU
		{17573B3A-B68D-4EB8-9B36-D11B112DFAA9}.Release|Any CPU.ActiveCfg = Release|Any CPU
		{17573B3A-B68D-4EB8-9B36-D11B112DFAA9}.Release|Any CPU.Build.0 = Release|Any CPU
		{5E239182-2E22-4E1E-A81F-D73F7DD7EDA9}.Debug|Any CPU.ActiveCfg = Debug|Any CPU
		{5E239182-2E22-4E1E-A81F-D73F7DD7EDA9}.Debug|Any CPU.Build.0 = Debug|Any CPU
		{5E239182-2E22-4E1E-A81F-D73F7DD7EDA9}.Release|Any CPU.ActiveCfg = Release|Any CPU
		{5E239182-2E22-4E1E-A81F-D73F7DD7EDA9}.Release|Any CPU.Build.0 = Release|Any CPU
		{3487FF5A-9D6B-442F-8132-AB1E6AB8D377}.Debug|Any CPU.ActiveCfg = Debug|Any CPU
		{3487FF5A-9D6B-442F-8132-AB1E6AB8D377}.Debug|Any CPU.Build.0 = Debug|Any CPU
		{3487FF5A-9D6B-442F-8132-AB1E6AB8D377}.Release|Any CPU.ActiveCfg = Release|Any CPU
		{3487FF5A-9D6B-442F-8132-AB1E6AB8D377}.Release|Any CPU.Build.0 = Release|Any CPU
		{3558AE7B-E21A-4F03-B7D1-9F8401CD7021}.Debug|Any CPU.ActiveCfg = Debug|Any CPU
		{3558AE7B-E21A-4F03-B7D1-9F8401CD7021}.Debug|Any CPU.Build.0 = Debug|Any CPU
		{3558AE7B-E21A-4F03-B7D1-9F8401CD7021}.Release|Any CPU.ActiveCfg = Release|Any CPU
		{3558AE7B-E21A-4F03-B7D1-9F8401CD7021}.Release|Any CPU.Build.0 = Release|Any CPU
		{F9FDF677-95B0-4E15-91F5-68C2C86A46DE}.Debug|Any CPU.ActiveCfg = Debug|Any CPU
		{F9FDF677-95B0-4E15-91F5-68C2C86A46DE}.Debug|Any CPU.Build.0 = Debug|Any CPU
		{F9FDF677-95B0-4E15-91F5-68C2C86A46DE}.Release|Any CPU.ActiveCfg = Release|Any CPU
		{F9FDF677-95B0-4E15-91F5-68C2C86A46DE}.Release|Any CPU.Build.0 = Release|Any CPU
		{D3AA27BA-6E39-4897-92DC-75E921344E8D}.Debug|Any CPU.ActiveCfg = Debug|Any CPU
		{D3AA27BA-6E39-4897-92DC-75E921344E8D}.Debug|Any CPU.Build.0 = Debug|Any CPU
		{D3AA27BA-6E39-4897-92DC-75E921344E8D}.Release|Any CPU.ActiveCfg = Release|Any CPU
		{D3AA27BA-6E39-4897-92DC-75E921344E8D}.Release|Any CPU.Build.0 = Release|Any CPU
		{872AE96D-C8D8-4E40-850A-FA53060BD18D}.Debug|Any CPU.ActiveCfg = Debug|Any CPU
		{872AE96D-C8D8-4E40-850A-FA53060BD18D}.Debug|Any CPU.Build.0 = Debug|Any CPU
		{872AE96D-C8D8-4E40-850A-FA53060BD18D}.Release|Any CPU.ActiveCfg = Release|Any CPU
		{872AE96D-C8D8-4E40-850A-FA53060BD18D}.Release|Any CPU.Build.0 = Release|Any CPU
		{6199040B-F207-407D-A988-3C4967CE70FC}.Debug|Any CPU.ActiveCfg = Debug|Any CPU
		{6199040B-F207-407D-A988-3C4967CE70FC}.Debug|Any CPU.Build.0 = Debug|Any CPU
		{6199040B-F207-407D-A988-3C4967CE70FC}.Release|Any CPU.ActiveCfg = Release|Any CPU
		{6199040B-F207-407D-A988-3C4967CE70FC}.Release|Any CPU.Build.0 = Release|Any CPU
		{CB5BB739-BAC6-4585-9531-99DC598277DA}.Debug|Any CPU.ActiveCfg = Debug|Any CPU
		{CB5BB739-BAC6-4585-9531-99DC598277DA}.Debug|Any CPU.Build.0 = Debug|Any CPU
		{CB5BB739-BAC6-4585-9531-99DC598277DA}.Release|Any CPU.ActiveCfg = Release|Any CPU
		{CB5BB739-BAC6-4585-9531-99DC598277DA}.Release|Any CPU.Build.0 = Release|Any CPU
		{05D39143-0B40-4F5C-BCA3-857AC1CAB734}.Debug|Any CPU.ActiveCfg = Debug|Any CPU
		{05D39143-0B40-4F5C-BCA3-857AC1CAB734}.Debug|Any CPU.Build.0 = Debug|Any CPU
		{05D39143-0B40-4F5C-BCA3-857AC1CAB734}.Release|Any CPU.ActiveCfg = Release|Any CPU
		{05D39143-0B40-4F5C-BCA3-857AC1CAB734}.Release|Any CPU.Build.0 = Release|Any CPU
		{8D3982A7-E587-4936-BB19-6299C6CBD1CC}.Debug|Any CPU.ActiveCfg = Debug|Any CPU
		{8D3982A7-E587-4936-BB19-6299C6CBD1CC}.Debug|Any CPU.Build.0 = Debug|Any CPU
		{8D3982A7-E587-4936-BB19-6299C6CBD1CC}.Release|Any CPU.ActiveCfg = Release|Any CPU
		{8D3982A7-E587-4936-BB19-6299C6CBD1CC}.Release|Any CPU.Build.0 = Release|Any CPU
		{3317DD15-81C6-4DEC-A92E-2F5AEBB29BBA}.Debug|Any CPU.ActiveCfg = Debug|Any CPU
		{3317DD15-81C6-4DEC-A92E-2F5AEBB29BBA}.Debug|Any CPU.Build.0 = Debug|Any CPU
		{3317DD15-81C6-4DEC-A92E-2F5AEBB29BBA}.Release|Any CPU.ActiveCfg = Release|Any CPU
		{3317DD15-81C6-4DEC-A92E-2F5AEBB29BBA}.Release|Any CPU.Build.0 = Release|Any CPU
		{9982FC71-53C4-43C6-9C3E-256DAF349A76}.Debug|Any CPU.ActiveCfg = Debug|Any CPU
		{9982FC71-53C4-43C6-9C3E-256DAF349A76}.Debug|Any CPU.Build.0 = Debug|Any CPU
		{9982FC71-53C4-43C6-9C3E-256DAF349A76}.Release|Any CPU.ActiveCfg = Release|Any CPU
		{9982FC71-53C4-43C6-9C3E-256DAF349A76}.Release|Any CPU.Build.0 = Release|Any CPU
		{67A61F3E-37FD-4A65-B653-11CA50DA78AB}.Debug|Any CPU.ActiveCfg = Debug|Any CPU
		{67A61F3E-37FD-4A65-B653-11CA50DA78AB}.Debug|Any CPU.Build.0 = Debug|Any CPU
		{67A61F3E-37FD-4A65-B653-11CA50DA78AB}.Release|Any CPU.ActiveCfg = Release|Any CPU
		{67A61F3E-37FD-4A65-B653-11CA50DA78AB}.Release|Any CPU.Build.0 = Release|Any CPU
		{5C018207-920B-49B2-BB76-171C37E4A1A1}.Debug|Any CPU.ActiveCfg = Debug|Any CPU
		{5C018207-920B-49B2-BB76-171C37E4A1A1}.Debug|Any CPU.Build.0 = Debug|Any CPU
		{5C018207-920B-49B2-BB76-171C37E4A1A1}.Release|Any CPU.ActiveCfg = Release|Any CPU
		{5C018207-920B-49B2-BB76-171C37E4A1A1}.Release|Any CPU.Build.0 = Release|Any CPU
		{1C898205-8F80-43A0-AB71-37B1710C0F68}.Debug|Any CPU.ActiveCfg = Debug|Any CPU
		{1C898205-8F80-43A0-AB71-37B1710C0F68}.Debug|Any CPU.Build.0 = Debug|Any CPU
		{1C898205-8F80-43A0-AB71-37B1710C0F68}.Release|Any CPU.ActiveCfg = Release|Any CPU
		{1C898205-8F80-43A0-AB71-37B1710C0F68}.Release|Any CPU.Build.0 = Release|Any CPU
		{9C186840-CE8B-4018-BDBB-189244B9BB4D}.Debug|Any CPU.ActiveCfg = Debug|Any CPU
		{9C186840-CE8B-4018-BDBB-189244B9BB4D}.Debug|Any CPU.Build.0 = Debug|Any CPU
		{9C186840-CE8B-4018-BDBB-189244B9BB4D}.Release|Any CPU.ActiveCfg = Release|Any CPU
		{9C186840-CE8B-4018-BDBB-189244B9BB4D}.Release|Any CPU.Build.0 = Release|Any CPU
		{3347D17C-9109-4687-9F85-53491B89C973}.Debug|Any CPU.ActiveCfg = Debug|Any CPU
		{3347D17C-9109-4687-9F85-53491B89C973}.Debug|Any CPU.Build.0 = Debug|Any CPU
		{3347D17C-9109-4687-9F85-53491B89C973}.Release|Any CPU.ActiveCfg = Release|Any CPU
		{3347D17C-9109-4687-9F85-53491B89C973}.Release|Any CPU.Build.0 = Release|Any CPU
		{35493412-7A6A-4374-9C9B-C0B60CA67301}.Debug|Any CPU.ActiveCfg = Debug|Any CPU
		{35493412-7A6A-4374-9C9B-C0B60CA67301}.Debug|Any CPU.Build.0 = Debug|Any CPU
		{35493412-7A6A-4374-9C9B-C0B60CA67301}.Release|Any CPU.ActiveCfg = Release|Any CPU
		{35493412-7A6A-4374-9C9B-C0B60CA67301}.Release|Any CPU.Build.0 = Release|Any CPU
		{7339408B-21F7-4239-95E7-16358DD80332}.Debug|Any CPU.ActiveCfg = Debug|Any CPU
		{7339408B-21F7-4239-95E7-16358DD80332}.Debug|Any CPU.Build.0 = Debug|Any CPU
		{7339408B-21F7-4239-95E7-16358DD80332}.Release|Any CPU.ActiveCfg = Release|Any CPU
		{7339408B-21F7-4239-95E7-16358DD80332}.Release|Any CPU.Build.0 = Release|Any CPU
		{5A91F526-31A7-4D46-9027-6722C2F278F0}.Debug|Any CPU.ActiveCfg = Debug|Any CPU
		{5A91F526-31A7-4D46-9027-6722C2F278F0}.Debug|Any CPU.Build.0 = Debug|Any CPU
		{5A91F526-31A7-4D46-9027-6722C2F278F0}.Release|Any CPU.ActiveCfg = Release|Any CPU
		{5A91F526-31A7-4D46-9027-6722C2F278F0}.Release|Any CPU.Build.0 = Release|Any CPU
		{24324D76-20AF-4964-B86A-34CB39EAD9AA}.Debug|Any CPU.ActiveCfg = Debug|Any CPU
		{24324D76-20AF-4964-B86A-34CB39EAD9AA}.Debug|Any CPU.Build.0 = Debug|Any CPU
		{24324D76-20AF-4964-B86A-34CB39EAD9AA}.Release|Any CPU.ActiveCfg = Release|Any CPU
		{24324D76-20AF-4964-B86A-34CB39EAD9AA}.Release|Any CPU.Build.0 = Release|Any CPU
		{89A12FCB-BC58-4C6B-983B-4A459796945F}.Debug|Any CPU.ActiveCfg = Debug|Any CPU
		{89A12FCB-BC58-4C6B-983B-4A459796945F}.Debug|Any CPU.Build.0 = Debug|Any CPU
		{89A12FCB-BC58-4C6B-983B-4A459796945F}.Release|Any CPU.ActiveCfg = Release|Any CPU
		{89A12FCB-BC58-4C6B-983B-4A459796945F}.Release|Any CPU.Build.0 = Release|Any CPU
		{8F991EFA-CDBE-448B-9CFE-9ADC760D9398}.Debug|Any CPU.ActiveCfg = Debug|Any CPU
		{8F991EFA-CDBE-448B-9CFE-9ADC760D9398}.Debug|Any CPU.Build.0 = Debug|Any CPU
		{8F991EFA-CDBE-448B-9CFE-9ADC760D9398}.Release|Any CPU.ActiveCfg = Release|Any CPU
		{8F991EFA-CDBE-448B-9CFE-9ADC760D9398}.Release|Any CPU.Build.0 = Release|Any CPU
		{EE7FE5ED-B5F7-443D-B0A3-782C3FB1657E}.Debug|Any CPU.ActiveCfg = Debug|Any CPU
		{EE7FE5ED-B5F7-443D-B0A3-782C3FB1657E}.Debug|Any CPU.Build.0 = Debug|Any CPU
		{EE7FE5ED-B5F7-443D-B0A3-782C3FB1657E}.Release|Any CPU.ActiveCfg = Release|Any CPU
		{EE7FE5ED-B5F7-443D-B0A3-782C3FB1657E}.Release|Any CPU.Build.0 = Release|Any CPU
		{1A99D082-D092-4635-8D85-D7906D072169}.Debug|Any CPU.ActiveCfg = Debug|Any CPU
		{1A99D082-D092-4635-8D85-D7906D072169}.Debug|Any CPU.Build.0 = Debug|Any CPU
		{1A99D082-D092-4635-8D85-D7906D072169}.Release|Any CPU.ActiveCfg = Release|Any CPU
		{1A99D082-D092-4635-8D85-D7906D072169}.Release|Any CPU.Build.0 = Release|Any CPU
		{1DC8978D-D169-472C-AB40-527D427F7DE5}.Debug|Any CPU.ActiveCfg = Debug|Any CPU
		{1DC8978D-D169-472C-AB40-527D427F7DE5}.Debug|Any CPU.Build.0 = Debug|Any CPU
		{1DC8978D-D169-472C-AB40-527D427F7DE5}.Release|Any CPU.ActiveCfg = Release|Any CPU
		{1DC8978D-D169-472C-AB40-527D427F7DE5}.Release|Any CPU.Build.0 = Release|Any CPU
		{D9559BCF-700E-4DB1-998E-C025ABBEA490}.Debug|Any CPU.ActiveCfg = Debug|Any CPU
		{D9559BCF-700E-4DB1-998E-C025ABBEA490}.Debug|Any CPU.Build.0 = Debug|Any CPU
		{D9559BCF-700E-4DB1-998E-C025ABBEA490}.Release|Any CPU.ActiveCfg = Release|Any CPU
		{D9559BCF-700E-4DB1-998E-C025ABBEA490}.Release|Any CPU.Build.0 = Release|Any CPU
		{3BF4E096-CF7E-47F0-8B71-E182D25897AF}.Debug|Any CPU.ActiveCfg = Debug|Any CPU
		{3BF4E096-CF7E-47F0-8B71-E182D25897AF}.Debug|Any CPU.Build.0 = Debug|Any CPU
		{3BF4E096-CF7E-47F0-8B71-E182D25897AF}.Release|Any CPU.ActiveCfg = Release|Any CPU
		{3BF4E096-CF7E-47F0-8B71-E182D25897AF}.Release|Any CPU.Build.0 = Release|Any CPU
		{60EF2822-FE80-4732-A807-857FF348B006}.Debug|Any CPU.ActiveCfg = Debug|Any CPU
		{60EF2822-FE80-4732-A807-857FF348B006}.Debug|Any CPU.Build.0 = Debug|Any CPU
		{60EF2822-FE80-4732-A807-857FF348B006}.Release|Any CPU.ActiveCfg = Release|Any CPU
		{60EF2822-FE80-4732-A807-857FF348B006}.Release|Any CPU.Build.0 = Release|Any CPU
		{279ADE0F-6442-431D-9597-231179250313}.Debug|Any CPU.ActiveCfg = Debug|Any CPU
		{279ADE0F-6442-431D-9597-231179250313}.Debug|Any CPU.Build.0 = Debug|Any CPU
		{279ADE0F-6442-431D-9597-231179250313}.Release|Any CPU.ActiveCfg = Release|Any CPU
		{279ADE0F-6442-431D-9597-231179250313}.Release|Any CPU.Build.0 = Release|Any CPU
		{FC8B397F-2074-487E-A090-04FC5E4D1C4E}.Debug|Any CPU.ActiveCfg = Debug|Any CPU
		{FC8B397F-2074-487E-A090-04FC5E4D1C4E}.Debug|Any CPU.Build.0 = Debug|Any CPU
		{FC8B397F-2074-487E-A090-04FC5E4D1C4E}.Release|Any CPU.ActiveCfg = Release|Any CPU
		{FC8B397F-2074-487E-A090-04FC5E4D1C4E}.Release|Any CPU.Build.0 = Release|Any CPU
	EndGlobalSection
	GlobalSection(SolutionProperties) = preSolution
		HideSolutionNode = FALSE
	EndGlobalSection
	GlobalSection(ExtensibilityGlobals) = postSolution
		SolutionGuid = {AFF6F618-0237-4DD2-9A2E-025E8B0AF224}
	EndGlobalSection
EndGlobal
